
Microsoft Visual Studio Solution File, Format Version 12.00
# Visual Studio Version 17
VisualStudioVersion = 17.7.34202.233
MinimumVisualStudioVersion = 10.0.40219.1
Project("{FAE04EC0-301F-11D3-BF4B-00C04F79EFBC}") = "XISD_Gin_Website_Shopping", "XISD_Gin_Website_Shopping\XISD_Gin_Website_Shopping.csproj", "{670308A0-01A0-4683-82C5-B20A0C240B7C}"
EndProject
Global
	GlobalSection(SolutionConfigurationPlatforms) = preSolution
		Debug|Any CPU = Debug|Any CPU
		Release|Any CPU = Release|Any CPU
	EndGlobalSection
	GlobalSection(ProjectConfigurationPlatforms) = postSolution
		{670308A0-01A0-4683-82C5-B20A0C240B7C}.Debug|Any CPU.ActiveCfg = Debug|Any CPU
		{670308A0-01A0-4683-82C5-B20A0C240B7C}.Debug|Any CPU.Build.0 = Debug|Any CPU
		{670308A0-01A0-4683-82C5-B20A0C240B7C}.Release|Any CPU.ActiveCfg = Release|Any CPU
		{670308A0-01A0-4683-82C5-B20A0C240B7C}.Release|Any CPU.Build.0 = Release|Any CPU
	EndGlobalSection
	GlobalSection(SolutionProperties) = preSolution
		HideSolutionNode = FALSE
	EndGlobalSection
	GlobalSection(ExtensibilityGlobals) = postSolution
		SolutionGuid = {7AC7A7BF-C4AB-47D0-AFAE-F32A7DD09A36}
	EndGlobalSection
EndGlobal
